
Microsoft Visual Studio Solution File, Format Version 12.00
# Visual Studio Version 17
VisualStudioVersion = 17.7.34031.279
MinimumVisualStudioVersion = 10.0.40219.1
Project("{8BC9CEB8-8B4A-11D0-8D11-00A0C91BC942}") = "Labwork-1_5", "Labwork-1\Labwork-1.vcxproj", "{B41E2715-9BD9-4775-B11A-9A1D08F8EEEE}"
EndProject
Project("{8BC9CEB8-8B4A-11D0-8D11-00A0C91BC942}") = "Labwork-2_5", "Labwork-2\Labwork-2.vcxproj", "{41EDB034-3210-4735-BB1D-C2E8875CF2B5}"
EndProject
Project("{8BC9CEB8-8B4A-11D0-8D11-00A0C91BC942}") = "Test", "Test\Test.vcxproj", "{90790D5E-B195-4B8C-BF70-7DC874ECF5DC}"
EndProject
Project("{8BC9CEB8-8B4A-11D0-8D11-00A0C91BC942}") = "Labwork-3_6", "Labwork-3_6\Labwork-3_6.vcxproj", "{73FD7018-92C7-401C-934A-F84203ABCFCA}"
EndProject
Project("{8BC9CEB8-8B4A-11D0-8D11-00A0C91BC942}") = "Labwork-4_10", "Labwork-4_10\Labwork-4_10.vcxproj", "{8C91C222-0DCB-4BC3-B4B9-FE6329BD2178}"
EndProject
Project("{8BC9CEB8-8B4A-11D0-8D11-00A0C91BC942}") = "Donut", "Donut\Donut.vcxproj", "{FCC78486-ED9C-495A-91B0-754EAAFD3FED}"
EndProject
Global
	GlobalSection(SolutionConfigurationPlatforms) = preSolution
		Debug|x64 = Debug|x64
		Debug|x86 = Debug|x86
		Release|x64 = Release|x64
		Release|x86 = Release|x86
	EndGlobalSection
	GlobalSection(ProjectConfigurationPlatforms) = postSolution
		{B41E2715-9BD9-4775-B11A-9A1D08F8EEEE}.Debug|x64.ActiveCfg = Debug|x64
		{B41E2715-9BD9-4775-B11A-9A1D08F8EEEE}.Debug|x64.Build.0 = Debug|x64
		{B41E2715-9BD9-4775-B11A-9A1D08F8EEEE}.Debug|x86.ActiveCfg = Debug|Win32
		{B41E2715-9BD9-4775-B11A-9A1D08F8EEEE}.Debug|x86.Build.0 = Debug|Win32
		{B41E2715-9BD9-4775-B11A-9A1D08F8EEEE}.Release|x64.ActiveCfg = Release|x64
		{B41E2715-9BD9-4775-B11A-9A1D08F8EEEE}.Release|x64.Build.0 = Release|x64
		{B41E2715-9BD9-4775-B11A-9A1D08F8EEEE}.Release|x86.ActiveCfg = Release|Win32
		{B41E2715-9BD9-4775-B11A-9A1D08F8EEEE}.Release|x86.Build.0 = Release|Win32
		{41EDB034-3210-4735-BB1D-C2E8875CF2B5}.Debug|x64.ActiveCfg = Debug|x64
		{41EDB034-3210-4735-BB1D-C2E8875CF2B5}.Debug|x64.Build.0 = Debug|x64
		{41EDB034-3210-4735-BB1D-C2E8875CF2B5}.Debug|x86.ActiveCfg = Debug|Win32
		{41EDB034-3210-4735-BB1D-C2E8875CF2B5}.Debug|x86.Build.0 = Debug|Win32
		{41EDB034-3210-4735-BB1D-C2E8875CF2B5}.Release|x64.ActiveCfg = Release|x64
		{41EDB034-3210-4735-BB1D-C2E8875CF2B5}.Release|x64.Build.0 = Release|x64
		{41EDB034-3210-4735-BB1D-C2E8875CF2B5}.Release|x86.ActiveCfg = Release|Win32
		{41EDB034-3210-4735-BB1D-C2E8875CF2B5}.Release|x86.Build.0 = Release|Win32
		{90790D5E-B195-4B8C-BF70-7DC874ECF5DC}.Debug|x64.ActiveCfg = Debug|x64
		{90790D5E-B195-4B8C-BF70-7DC874ECF5DC}.Debug|x64.Build.0 = Debug|x64
		{90790D5E-B195-4B8C-BF70-7DC874ECF5DC}.Debug|x86.ActiveCfg = Debug|Win32
		{90790D5E-B195-4B8C-BF70-7DC874ECF5DC}.Debug|x86.Build.0 = Debug|Win32
		{90790D5E-B195-4B8C-BF70-7DC874ECF5DC}.Release|x64.ActiveCfg = Release|x64
		{90790D5E-B195-4B8C-BF70-7DC874ECF5DC}.Release|x64.Build.0 = Release|x64
		{90790D5E-B195-4B8C-BF70-7DC874ECF5DC}.Release|x86.ActiveCfg = Release|Win32
		{90790D5E-B195-4B8C-BF70-7DC874ECF5DC}.Release|x86.Build.0 = Release|Win32
		{73FD7018-92C7-401C-934A-F84203ABCFCA}.Debug|x64.ActiveCfg = Debug|x64
		{73FD7018-92C7-401C-934A-F84203ABCFCA}.Debug|x64.Build.0 = Debug|x64
		{73FD7018-92C7-401C-934A-F84203ABCFCA}.Debug|x86.ActiveCfg = Debug|Win32
		{73FD7018-92C7-401C-934A-F84203ABCFCA}.Debug|x86.Build.0 = Debug|Win32
		{73FD7018-92C7-401C-934A-F84203ABCFCA}.Release|x64.ActiveCfg = Release|x64
		{73FD7018-92C7-401C-934A-F84203ABCFCA}.Release|x64.Build.0 = Release|x64
		{73FD7018-92C7-401C-934A-F84203ABCFCA}.Release|x86.ActiveCfg = Release|Win32
		{73FD7018-92C7-401C-934A-F84203ABCFCA}.Release|x86.Build.0 = Release|Win32
		{8C91C222-0DCB-4BC3-B4B9-FE6329BD2178}.Debug|x64.ActiveCfg = Debug|x64
		{8C91C222-0DCB-4BC3-B4B9-FE6329BD2178}.Debug|x64.Build.0 = Debug|x64
		{8C91C222-0DCB-4BC3-B4B9-FE6329BD2178}.Debug|x86.ActiveCfg = Debug|Win32
		{8C91C222-0DCB-4BC3-B4B9-FE6329BD2178}.Debug|x86.Build.0 = Debug|Win32
		{8C91C222-0DCB-4BC3-B4B9-FE6329BD2178}.Release|x64.ActiveCfg = Release|x64
		{8C91C222-0DCB-4BC3-B4B9-FE6329BD2178}.Release|x64.Build.0 = Release|x64
		{8C91C222-0DCB-4BC3-B4B9-FE6329BD2178}.Release|x86.ActiveCfg = Release|Win32
		{8C91C222-0DCB-4BC3-B4B9-FE6329BD2178}.Release|x86.Build.0 = Release|Win32
		{FCC78486-ED9C-495A-91B0-754EAAFD3FED}.Debug|x64.ActiveCfg = Debug|x64
		{FCC78486-ED9C-495A-91B0-754EAAFD3FED}.Debug|x64.Build.0 = Debug|x64
		{FCC78486-ED9C-495A-91B0-754EAAFD3FED}.Debug|x86.ActiveCfg = Debug|Win32
		{FCC78486-ED9C-495A-91B0-754EAAFD3FED}.Debug|x86.Build.0 = Debug|Win32
		{FCC78486-ED9C-495A-91B0-754EAAFD3FED}.Release|x64.ActiveCfg = Release|x64
		{FCC78486-ED9C-495A-91B0-754EAAFD3FED}.Release|x64.Build.0 = Release|x64
		{FCC78486-ED9C-495A-91B0-754EAAFD3FED}.Release|x86.ActiveCfg = Release|Win32
		{FCC78486-ED9C-495A-91B0-754EAAFD3FED}.Release|x86.Build.0 = Release|Win32
	EndGlobalSection
	GlobalSection(SolutionProperties) = preSolution
		HideSolutionNode = FALSE
	EndGlobalSection
	GlobalSection(ExtensibilityGlobals) = postSolution
		SolutionGuid = {BD73171D-3576-4035-8C27-FD009E11B72A}
	EndGlobalSection
EndGlobal
